
Microsoft Visual Studio Solution File, Format Version 12.00
# Visual Studio 14
VisualStudioVersion = 14.0.24720.0
MinimumVisualStudioVersion = 10.0.40219.1
Project("{FAE04EC0-301F-11D3-BF4B-00C04F79EFBC}") = "001. CalculationProblem", "001. CalculationProblem\001. CalculationProblem.csproj", "{0A451D19-D16C-49EA-BE95-AA70986D7C10}"
EndProject
Project("{FAE04EC0-301F-11D3-BF4B-00C04F79EFBC}") = "Tests", "Tests\Tests.csproj", "{2118F853-A6F7-43C6-91A9-929DB4A82A99}"
EndProject
Project("{FAE04EC0-301F-11D3-BF4B-00C04F79EFBC}") = "01. DeCatCoding", "01. DeCatCoding\01. DeCatCoding.csproj", "{0A7B06AD-EEA3-4641-B9EF-6B1B5D0C2B62}"
EndProject
Project("{FAE04EC0-301F-11D3-BF4B-00C04F79EFBC}") = "01. MultiverseCommunication", "01. MultiverseCommunication\01. MultiverseCommunication.csproj", "{8A6BDAA5-A8B4-4015-B860-154426B5556A}"
EndProject
Global
	GlobalSection(SolutionConfigurationPlatforms) = preSolution
		Debug|Any CPU = Debug|Any CPU
		Release|Any CPU = Release|Any CPU
	EndGlobalSection
	GlobalSection(ProjectConfigurationPlatforms) = postSolution
		{0A451D19-D16C-49EA-BE95-AA70986D7C10}.Debug|Any CPU.ActiveCfg = Debug|Any CPU
		{0A451D19-D16C-49EA-BE95-AA70986D7C10}.Debug|Any CPU.Build.0 = Debug|Any CPU
		{0A451D19-D16C-49EA-BE95-AA70986D7C10}.Release|Any CPU.ActiveCfg = Release|Any CPU
		{0A451D19-D16C-49EA-BE95-AA70986D7C10}.Release|Any CPU.Build.0 = Release|Any CPU
		{2118F853-A6F7-43C6-91A9-929DB4A82A99}.Debug|Any CPU.ActiveCfg = Debug|Any CPU
		{2118F853-A6F7-43C6-91A9-929DB4A82A99}.Debug|Any CPU.Build.0 = Debug|Any CPU
		{2118F853-A6F7-43C6-91A9-929DB4A82A99}.Release|Any CPU.ActiveCfg = Release|Any CPU
		{2118F853-A6F7-43C6-91A9-929DB4A82A99}.Release|Any CPU.Build.0 = Release|Any CPU
		{0A7B06AD-EEA3-4641-B9EF-6B1B5D0C2B62}.Debug|Any CPU.ActiveCfg = Debug|Any CPU
		{0A7B06AD-EEA3-4641-B9EF-6B1B5D0C2B62}.Debug|Any CPU.Build.0 = Debug|Any CPU
		{0A7B06AD-EEA3-4641-B9EF-6B1B5D0C2B62}.Release|Any CPU.ActiveCfg = Release|Any CPU
		{0A7B06AD-EEA3-4641-B9EF-6B1B5D0C2B62}.Release|Any CPU.Build.0 = Release|Any CPU
		{8A6BDAA5-A8B4-4015-B860-154426B5556A}.Debug|Any CPU.ActiveCfg = Debug|Any CPU
		{8A6BDAA5-A8B4-4015-B860-154426B5556A}.Debug|Any CPU.Build.0 = Debug|Any CPU
		{8A6BDAA5-A8B4-4015-B860-154426B5556A}.Release|Any CPU.ActiveCfg = Release|Any CPU
		{8A6BDAA5-A8B4-4015-B860-154426B5556A}.Release|Any CPU.Build.0 = Release|Any CPU
	EndGlobalSection
	GlobalSection(SolutionProperties) = preSolution
		HideSolutionNode = FALSE
	EndGlobalSection
EndGlobal
