
Microsoft Visual Studio Solution File, Format Version 12.00
# Visual Studio 14
VisualStudioVersion = 14.0.24720.0
MinimumVisualStudioVersion = 10.0.40219.1
Project("{FAE04EC0-301F-11D3-BF4B-00C04F79EFBC}") = "001. CalculationProblem", "001. CalculationProblem\001. CalculationProblem.csproj", "{0A451D19-D16C-49EA-BE95-AA70986D7C10}"
EndProject
Project("{FAE04EC0-301F-11D3-BF4B-00C04F79EFBC}") = "Tests", "Tests\Tests.csproj", "{2118F853-A6F7-43C6-91A9-929DB4A82A99}"
EndProject
Project("{FAE04EC0-301F-11D3-BF4B-00C04F79EFBC}") = "01. DeCatCoding", "01. DeCatCoding\01. DeCatCoding.csproj", "{0A7B06AD-EEA3-4641-B9EF-6B1B5D0C2B62}"
EndProject
Project("{FAE04EC0-301F-11D3-BF4B-00C04F79EFBC}") = "01. MultiverseCommunication", "01. MultiverseCommunication\01. MultiverseCommunication.csproj", "{8A6BDAA5-A8B4-4015-B860-154426B5556A}"
EndProject
Project("{FAE04EC0-301F-11D3-BF4B-00C04F79EFBC}") = "02. MagicWords", "02. MagicWords\02. MagicWords.csproj", "{78F5E3CD-1CAC-4519-9DC2-D27F16FE506A}"
EndProject
Project("{FAE04EC0-301F-11D3-BF4B-00C04F79EFBC}") = "01.Zerg", "01.Zerg\01.Zerg.csproj", "{0F9CECDF-C66C-4AE5-A251-D8E13E5463E3}"
EndProject
Project("{FAE04EC0-301F-11D3-BF4B-00C04F79EFBC}") = "01. StrangeLandNumber", "01. StrangeLandNumber\01. StrangeLandNumber.csproj", "{5C622A22-1654-42D1-BD65-F237D229E386}"
EndProject
Project("{FAE04EC0-301F-11D3-BF4B-00C04F79EFBC}") = "01. TRES4Numbers", "1. TRES4Numbers\01. TRES4Numbers.csproj", "{014447BF-0D78-4B58-97BB-3278142DE12B}"
EndProject
Global
	GlobalSection(SolutionConfigurationPlatforms) = preSolution
		Debug|Any CPU = Debug|Any CPU
		Release|Any CPU = Release|Any CPU
	EndGlobalSection
	GlobalSection(ProjectConfigurationPlatforms) = postSolution
		{0A451D19-D16C-49EA-BE95-AA70986D7C10}.Debug|Any CPU.ActiveCfg = Debug|Any CPU
		{0A451D19-D16C-49EA-BE95-AA70986D7C10}.Debug|Any CPU.Build.0 = Debug|Any CPU
		{0A451D19-D16C-49EA-BE95-AA70986D7C10}.Release|Any CPU.ActiveCfg = Release|Any CPU
		{0A451D19-D16C-49EA-BE95-AA70986D7C10}.Release|Any CPU.Build.0 = Release|Any CPU
		{2118F853-A6F7-43C6-91A9-929DB4A82A99}.Debug|Any CPU.ActiveCfg = Debug|Any CPU
		{2118F853-A6F7-43C6-91A9-929DB4A82A99}.Debug|Any CPU.Build.0 = Debug|Any CPU
		{2118F853-A6F7-43C6-91A9-929DB4A82A99}.Release|Any CPU.ActiveCfg = Release|Any CPU
		{2118F853-A6F7-43C6-91A9-929DB4A82A99}.Release|Any CPU.Build.0 = Release|Any CPU
		{0A7B06AD-EEA3-4641-B9EF-6B1B5D0C2B62}.Debug|Any CPU.ActiveCfg = Debug|Any CPU
		{0A7B06AD-EEA3-4641-B9EF-6B1B5D0C2B62}.Debug|Any CPU.Build.0 = Debug|Any CPU
		{0A7B06AD-EEA3-4641-B9EF-6B1B5D0C2B62}.Release|Any CPU.ActiveCfg = Release|Any CPU
		{0A7B06AD-EEA3-4641-B9EF-6B1B5D0C2B62}.Release|Any CPU.Build.0 = Release|Any CPU
		{8A6BDAA5-A8B4-4015-B860-154426B5556A}.Debug|Any CPU.ActiveCfg = Debug|Any CPU
		{8A6BDAA5-A8B4-4015-B860-154426B5556A}.Debug|Any CPU.Build.0 = Debug|Any CPU
		{8A6BDAA5-A8B4-4015-B860-154426B5556A}.Release|Any CPU.ActiveCfg = Release|Any CPU
		{8A6BDAA5-A8B4-4015-B860-154426B5556A}.Release|Any CPU.Build.0 = Release|Any CPU
		{78F5E3CD-1CAC-4519-9DC2-D27F16FE506A}.Debug|Any CPU.ActiveCfg = Debug|Any CPU
		{78F5E3CD-1CAC-4519-9DC2-D27F16FE506A}.Debug|Any CPU.Build.0 = Debug|Any CPU
		{78F5E3CD-1CAC-4519-9DC2-D27F16FE506A}.Release|Any CPU.ActiveCfg = Release|Any CPU
		{78F5E3CD-1CAC-4519-9DC2-D27F16FE506A}.Release|Any CPU.Build.0 = Release|Any CPU
		{0F9CECDF-C66C-4AE5-A251-D8E13E5463E3}.Debug|Any CPU.ActiveCfg = Debug|Any CPU
		{0F9CECDF-C66C-4AE5-A251-D8E13E5463E3}.Debug|Any CPU.Build.0 = Debug|Any CPU
		{0F9CECDF-C66C-4AE5-A251-D8E13E5463E3}.Release|Any CPU.ActiveCfg = Release|Any CPU
		{0F9CECDF-C66C-4AE5-A251-D8E13E5463E3}.Release|Any CPU.Build.0 = Release|Any CPU
		{5C622A22-1654-42D1-BD65-F237D229E386}.Debug|Any CPU.ActiveCfg = Debug|Any CPU
		{5C622A22-1654-42D1-BD65-F237D229E386}.Debug|Any CPU.Build.0 = Debug|Any CPU
		{5C622A22-1654-42D1-BD65-F237D229E386}.Release|Any CPU.ActiveCfg = Release|Any CPU
		{5C622A22-1654-42D1-BD65-F237D229E386}.Release|Any CPU.Build.0 = Release|Any CPU
		{014447BF-0D78-4B58-97BB-3278142DE12B}.Debug|Any CPU.ActiveCfg = Debug|Any CPU
		{014447BF-0D78-4B58-97BB-3278142DE12B}.Debug|Any CPU.Build.0 = Debug|Any CPU
		{014447BF-0D78-4B58-97BB-3278142DE12B}.Release|Any CPU.ActiveCfg = Release|Any CPU
		{014447BF-0D78-4B58-97BB-3278142DE12B}.Release|Any CPU.Build.0 = Release|Any CPU
	EndGlobalSection
	GlobalSection(SolutionProperties) = preSolution
		HideSolutionNode = FALSE
	EndGlobalSection
EndGlobal
