
Microsoft Visual Studio Solution File, Format Version 12.00
# Visual Studio 14
VisualStudioVersion = 14.0.24720.0
MinimumVisualStudioVersion = 10.0.40219.1
Project("{FAE04EC0-301F-11D3-BF4B-00C04F79EFBC}") = "01. AllocateArray", "01. AllocateArray\01. AllocateArray.csproj", "{2308D9E9-1E6E-4A85-A994-F548931D1DDC}"
EndProject
Project("{FAE04EC0-301F-11D3-BF4B-00C04F79EFBC}") = "Tests", "Tests\Tests.csproj", "{3AB1D3F1-3840-4EE1-ACE5-853458B6928E}"
EndProject
Project("{FAE04EC0-301F-11D3-BF4B-00C04F79EFBC}") = "02. CompareArrays", "02. CompareArrays\02. CompareArrays.csproj", "{B0AC939C-CBAC-4F72-AC52-393501C87277}"
EndProject
Project("{FAE04EC0-301F-11D3-BF4B-00C04F79EFBC}") = "03. CompareCharArrays", "03. CompareCharArrays\03. CompareCharArrays.csproj", "{A42C5426-4C84-4E09-AAC4-D48147D22CA4}"
EndProject
Project("{FAE04EC0-301F-11D3-BF4B-00C04F79EFBC}") = "04. MaximalSequence", "04. MaximalSequence\04. MaximalSequence.csproj", "{62DF1A44-DC8D-4F66-80EC-09C4D39924F1}"
EndProject
Project("{FAE04EC0-301F-11D3-BF4B-00C04F79EFBC}") = "05. MaximalIncreasingSequence", "05. MaximalIncreasingSequence\05. MaximalIncreasingSequence.csproj", "{5BF2E7CE-8BEB-4BD1-8754-2B82E02D9EE4}"
EndProject
Project("{FAE04EC0-301F-11D3-BF4B-00C04F79EFBC}") = "06. MaximalSumK", "06. MaximalSumK\06. MaximalSumK.csproj", "{31A01A49-8A8A-4C6F-9184-4B49B0E7A04B}"
EndProject
Global
	GlobalSection(SolutionConfigurationPlatforms) = preSolution
		Debug|Any CPU = Debug|Any CPU
		Release|Any CPU = Release|Any CPU
	EndGlobalSection
	GlobalSection(ProjectConfigurationPlatforms) = postSolution
		{2308D9E9-1E6E-4A85-A994-F548931D1DDC}.Debug|Any CPU.ActiveCfg = Debug|Any CPU
		{2308D9E9-1E6E-4A85-A994-F548931D1DDC}.Debug|Any CPU.Build.0 = Debug|Any CPU
		{2308D9E9-1E6E-4A85-A994-F548931D1DDC}.Release|Any CPU.ActiveCfg = Release|Any CPU
		{2308D9E9-1E6E-4A85-A994-F548931D1DDC}.Release|Any CPU.Build.0 = Release|Any CPU
		{3AB1D3F1-3840-4EE1-ACE5-853458B6928E}.Debug|Any CPU.ActiveCfg = Debug|Any CPU
		{3AB1D3F1-3840-4EE1-ACE5-853458B6928E}.Debug|Any CPU.Build.0 = Debug|Any CPU
		{3AB1D3F1-3840-4EE1-ACE5-853458B6928E}.Release|Any CPU.ActiveCfg = Release|Any CPU
		{3AB1D3F1-3840-4EE1-ACE5-853458B6928E}.Release|Any CPU.Build.0 = Release|Any CPU
		{B0AC939C-CBAC-4F72-AC52-393501C87277}.Debug|Any CPU.ActiveCfg = Debug|Any CPU
		{B0AC939C-CBAC-4F72-AC52-393501C87277}.Debug|Any CPU.Build.0 = Debug|Any CPU
		{B0AC939C-CBAC-4F72-AC52-393501C87277}.Release|Any CPU.ActiveCfg = Release|Any CPU
		{B0AC939C-CBAC-4F72-AC52-393501C87277}.Release|Any CPU.Build.0 = Release|Any CPU
		{A42C5426-4C84-4E09-AAC4-D48147D22CA4}.Debug|Any CPU.ActiveCfg = Debug|Any CPU
		{A42C5426-4C84-4E09-AAC4-D48147D22CA4}.Debug|Any CPU.Build.0 = Debug|Any CPU
		{A42C5426-4C84-4E09-AAC4-D48147D22CA4}.Release|Any CPU.ActiveCfg = Release|Any CPU
		{A42C5426-4C84-4E09-AAC4-D48147D22CA4}.Release|Any CPU.Build.0 = Release|Any CPU
		{62DF1A44-DC8D-4F66-80EC-09C4D39924F1}.Debug|Any CPU.ActiveCfg = Debug|Any CPU
		{62DF1A44-DC8D-4F66-80EC-09C4D39924F1}.Debug|Any CPU.Build.0 = Debug|Any CPU
		{62DF1A44-DC8D-4F66-80EC-09C4D39924F1}.Release|Any CPU.ActiveCfg = Release|Any CPU
		{62DF1A44-DC8D-4F66-80EC-09C4D39924F1}.Release|Any CPU.Build.0 = Release|Any CPU
		{5BF2E7CE-8BEB-4BD1-8754-2B82E02D9EE4}.Debug|Any CPU.ActiveCfg = Debug|Any CPU
		{5BF2E7CE-8BEB-4BD1-8754-2B82E02D9EE4}.Debug|Any CPU.Build.0 = Debug|Any CPU
		{5BF2E7CE-8BEB-4BD1-8754-2B82E02D9EE4}.Release|Any CPU.ActiveCfg = Release|Any CPU
		{5BF2E7CE-8BEB-4BD1-8754-2B82E02D9EE4}.Release|Any CPU.Build.0 = Release|Any CPU
		{31A01A49-8A8A-4C6F-9184-4B49B0E7A04B}.Debug|Any CPU.ActiveCfg = Debug|Any CPU
		{31A01A49-8A8A-4C6F-9184-4B49B0E7A04B}.Debug|Any CPU.Build.0 = Debug|Any CPU
		{31A01A49-8A8A-4C6F-9184-4B49B0E7A04B}.Release|Any CPU.ActiveCfg = Release|Any CPU
		{31A01A49-8A8A-4C6F-9184-4B49B0E7A04B}.Release|Any CPU.Build.0 = Release|Any CPU
	EndGlobalSection
	GlobalSection(SolutionProperties) = preSolution
		HideSolutionNode = FALSE
	EndGlobalSection
EndGlobal
