
Microsoft Visual Studio Solution File, Format Version 12.00
# Visual Studio 14
VisualStudioVersion = 14.0.24720.0
MinimumVisualStudioVersion = 10.0.40219.1
Project("{FAE04EC0-301F-11D3-BF4B-00C04F79EFBC}") = "01. AllocateArray", "01. AllocateArray\01. AllocateArray.csproj", "{2308D9E9-1E6E-4A85-A994-F548931D1DDC}"
EndProject
Project("{FAE04EC0-301F-11D3-BF4B-00C04F79EFBC}") = "Tests", "Tests\Tests.csproj", "{3AB1D3F1-3840-4EE1-ACE5-853458B6928E}"
EndProject
Project("{FAE04EC0-301F-11D3-BF4B-00C04F79EFBC}") = "02. CompareArrays", "02. CompareArrays\02. CompareArrays.csproj", "{B0AC939C-CBAC-4F72-AC52-393501C87277}"
EndProject
Project("{FAE04EC0-301F-11D3-BF4B-00C04F79EFBC}") = "03. CompareCharArrays", "03. CompareCharArrays\03. CompareCharArrays.csproj", "{A42C5426-4C84-4E09-AAC4-D48147D22CA4}"
EndProject
Project("{FAE04EC0-301F-11D3-BF4B-00C04F79EFBC}") = "04. MaximalSequence", "04. MaximalSequence\04. MaximalSequence.csproj", "{62DF1A44-DC8D-4F66-80EC-09C4D39924F1}"
EndProject
Project("{FAE04EC0-301F-11D3-BF4B-00C04F79EFBC}") = "05. MaximalIncreasingSequence", "05. MaximalIncreasingSequence\05. MaximalIncreasingSequence.csproj", "{5BF2E7CE-8BEB-4BD1-8754-2B82E02D9EE4}"
EndProject
Project("{FAE04EC0-301F-11D3-BF4B-00C04F79EFBC}") = "06. MaximalSumK", "06. MaximalSumK\06. MaximalSumK.csproj", "{31A01A49-8A8A-4C6F-9184-4B49B0E7A04B}"
EndProject
Project("{FAE04EC0-301F-11D3-BF4B-00C04F79EFBC}") = "07. SelectionSort", "07. SelectionSort\07. SelectionSort.csproj", "{672FBCC8-5AF9-4460-BA71-ED1727E2FB5C}"
EndProject
Project("{FAE04EC0-301F-11D3-BF4B-00C04F79EFBC}") = "08. MaximalSum", "08. MaximalSum\08. MaximalSum.csproj", "{E73DBDDA-869D-4760-9EDB-F8EE032321A9}"
EndProject
Project("{FAE04EC0-301F-11D3-BF4B-00C04F79EFBC}") = "09. FrequentNumber", "09. FrequentNumber\09. FrequentNumber.csproj", "{06397FAF-8306-4584-925E-004698AD4A02}"
EndProject
Project("{FAE04EC0-301F-11D3-BF4B-00C04F79EFBC}") = "10. FindSumInArray", "10. FindSumInArray\10. FindSumInArray.csproj", "{6EB621DA-6F92-48D6-89FE-DA98757515B2}"
EndProject
Project("{FAE04EC0-301F-11D3-BF4B-00C04F79EFBC}") = "11. BinarySearch", "11. BinarySearch\11. BinarySearch.csproj", "{1DF5A309-5E93-4E61-9070-05AACB882A60}"
EndProject
Project("{FAE04EC0-301F-11D3-BF4B-00C04F79EFBC}") = "12. IndexOfLetters", "12. IndexOfLetters\12. IndexOfLetters.csproj", "{0C516151-C508-4844-8F1B-6BEC9C9963C4}"
EndProject
Project("{FAE04EC0-301F-11D3-BF4B-00C04F79EFBC}") = "13. MergeSort", "13. MergeSort\13. MergeSort.csproj", "{B3150206-CA7A-4054-93A1-897E047B95E6}"
EndProject
Project("{FAE04EC0-301F-11D3-BF4B-00C04F79EFBC}") = "14. QuickSort", "14. QuickSort\14. QuickSort.csproj", "{BCFC6FAF-3B42-4AAF-83F3-310CC0CFCD83}"
EndProject
Project("{FAE04EC0-301F-11D3-BF4B-00C04F79EFBC}") = "15. PrimeNumbers", "15. PrimeNumbers\15. PrimeNumbers.csproj", "{F81AD9D0-75A8-4633-8EED-FCF2BEE5A1EE}"
EndProject
Project("{FAE04EC0-301F-11D3-BF4B-00C04F79EFBC}") = "16. SubsetWithSumS", "16. SubsetWithSumS\16. SubsetWithSumS.csproj", "{C84BF3B2-E303-476B-9E4B-D87D3955469B}"
EndProject
Project("{FAE04EC0-301F-11D3-BF4B-00C04F79EFBC}") = "17. SubsetKWithSumS", "17. SubsetKWithSumS\17. SubsetKWithSumS.csproj", "{C9E8BC58-8F02-414A-BC69-BB5960A53C72}"
EndProject
Project("{FAE04EC0-301F-11D3-BF4B-00C04F79EFBC}") = "18. RemoveElementsFromArray", "18. RemoveElementsFromArray\18. RemoveElementsFromArray.csproj", "{8D6DDC48-3EC7-41AC-94DD-3CDE4C7F7C67}"
EndProject
Project("{FAE04EC0-301F-11D3-BF4B-00C04F79EFBC}") = "19. PermutationsOfSet", "19. PermutationsOfSet\19. PermutationsOfSet.csproj", "{EAF3F082-FAA6-4557-868C-149AF627253C}"
EndProject
Project("{FAE04EC0-301F-11D3-BF4B-00C04F79EFBC}") = "20. VariationsOfSet", "20. VariationsOfSEet\20. VariationsOfSet.csproj", "{2BF914F6-3834-496E-A0A0-6063332881D7}"
EndProject
Project("{FAE04EC0-301F-11D3-BF4B-00C04F79EFBC}") = "21. CombinationsOfSet", "21. CombinationsOfSet\21. CombinationsOfSet.csproj", "{2A646196-8DF5-4C12-8EEC-39CB5232F8AD}"
EndProject
Global
	GlobalSection(SolutionConfigurationPlatforms) = preSolution
		Debug|Any CPU = Debug|Any CPU
		Release|Any CPU = Release|Any CPU
	EndGlobalSection
	GlobalSection(ProjectConfigurationPlatforms) = postSolution
		{2308D9E9-1E6E-4A85-A994-F548931D1DDC}.Debug|Any CPU.ActiveCfg = Debug|Any CPU
		{2308D9E9-1E6E-4A85-A994-F548931D1DDC}.Debug|Any CPU.Build.0 = Debug|Any CPU
		{2308D9E9-1E6E-4A85-A994-F548931D1DDC}.Release|Any CPU.ActiveCfg = Release|Any CPU
		{2308D9E9-1E6E-4A85-A994-F548931D1DDC}.Release|Any CPU.Build.0 = Release|Any CPU
		{3AB1D3F1-3840-4EE1-ACE5-853458B6928E}.Debug|Any CPU.ActiveCfg = Debug|Any CPU
		{3AB1D3F1-3840-4EE1-ACE5-853458B6928E}.Debug|Any CPU.Build.0 = Debug|Any CPU
		{3AB1D3F1-3840-4EE1-ACE5-853458B6928E}.Release|Any CPU.ActiveCfg = Release|Any CPU
		{3AB1D3F1-3840-4EE1-ACE5-853458B6928E}.Release|Any CPU.Build.0 = Release|Any CPU
		{B0AC939C-CBAC-4F72-AC52-393501C87277}.Debug|Any CPU.ActiveCfg = Debug|Any CPU
		{B0AC939C-CBAC-4F72-AC52-393501C87277}.Debug|Any CPU.Build.0 = Debug|Any CPU
		{B0AC939C-CBAC-4F72-AC52-393501C87277}.Release|Any CPU.ActiveCfg = Release|Any CPU
		{B0AC939C-CBAC-4F72-AC52-393501C87277}.Release|Any CPU.Build.0 = Release|Any CPU
		{A42C5426-4C84-4E09-AAC4-D48147D22CA4}.Debug|Any CPU.ActiveCfg = Debug|Any CPU
		{A42C5426-4C84-4E09-AAC4-D48147D22CA4}.Debug|Any CPU.Build.0 = Debug|Any CPU
		{A42C5426-4C84-4E09-AAC4-D48147D22CA4}.Release|Any CPU.ActiveCfg = Release|Any CPU
		{A42C5426-4C84-4E09-AAC4-D48147D22CA4}.Release|Any CPU.Build.0 = Release|Any CPU
		{62DF1A44-DC8D-4F66-80EC-09C4D39924F1}.Debug|Any CPU.ActiveCfg = Debug|Any CPU
		{62DF1A44-DC8D-4F66-80EC-09C4D39924F1}.Debug|Any CPU.Build.0 = Debug|Any CPU
		{62DF1A44-DC8D-4F66-80EC-09C4D39924F1}.Release|Any CPU.ActiveCfg = Release|Any CPU
		{62DF1A44-DC8D-4F66-80EC-09C4D39924F1}.Release|Any CPU.Build.0 = Release|Any CPU
		{5BF2E7CE-8BEB-4BD1-8754-2B82E02D9EE4}.Debug|Any CPU.ActiveCfg = Debug|Any CPU
		{5BF2E7CE-8BEB-4BD1-8754-2B82E02D9EE4}.Debug|Any CPU.Build.0 = Debug|Any CPU
		{5BF2E7CE-8BEB-4BD1-8754-2B82E02D9EE4}.Release|Any CPU.ActiveCfg = Release|Any CPU
		{5BF2E7CE-8BEB-4BD1-8754-2B82E02D9EE4}.Release|Any CPU.Build.0 = Release|Any CPU
		{31A01A49-8A8A-4C6F-9184-4B49B0E7A04B}.Debug|Any CPU.ActiveCfg = Debug|Any CPU
		{31A01A49-8A8A-4C6F-9184-4B49B0E7A04B}.Debug|Any CPU.Build.0 = Debug|Any CPU
		{31A01A49-8A8A-4C6F-9184-4B49B0E7A04B}.Release|Any CPU.ActiveCfg = Release|Any CPU
		{31A01A49-8A8A-4C6F-9184-4B49B0E7A04B}.Release|Any CPU.Build.0 = Release|Any CPU
		{672FBCC8-5AF9-4460-BA71-ED1727E2FB5C}.Debug|Any CPU.ActiveCfg = Debug|Any CPU
		{672FBCC8-5AF9-4460-BA71-ED1727E2FB5C}.Debug|Any CPU.Build.0 = Debug|Any CPU
		{672FBCC8-5AF9-4460-BA71-ED1727E2FB5C}.Release|Any CPU.ActiveCfg = Release|Any CPU
		{672FBCC8-5AF9-4460-BA71-ED1727E2FB5C}.Release|Any CPU.Build.0 = Release|Any CPU
		{E73DBDDA-869D-4760-9EDB-F8EE032321A9}.Debug|Any CPU.ActiveCfg = Debug|Any CPU
		{E73DBDDA-869D-4760-9EDB-F8EE032321A9}.Debug|Any CPU.Build.0 = Debug|Any CPU
		{E73DBDDA-869D-4760-9EDB-F8EE032321A9}.Release|Any CPU.ActiveCfg = Release|Any CPU
		{E73DBDDA-869D-4760-9EDB-F8EE032321A9}.Release|Any CPU.Build.0 = Release|Any CPU
		{06397FAF-8306-4584-925E-004698AD4A02}.Debug|Any CPU.ActiveCfg = Debug|Any CPU
		{06397FAF-8306-4584-925E-004698AD4A02}.Debug|Any CPU.Build.0 = Debug|Any CPU
		{06397FAF-8306-4584-925E-004698AD4A02}.Release|Any CPU.ActiveCfg = Release|Any CPU
		{06397FAF-8306-4584-925E-004698AD4A02}.Release|Any CPU.Build.0 = Release|Any CPU
		{6EB621DA-6F92-48D6-89FE-DA98757515B2}.Debug|Any CPU.ActiveCfg = Debug|Any CPU
		{6EB621DA-6F92-48D6-89FE-DA98757515B2}.Debug|Any CPU.Build.0 = Debug|Any CPU
		{6EB621DA-6F92-48D6-89FE-DA98757515B2}.Release|Any CPU.ActiveCfg = Release|Any CPU
		{6EB621DA-6F92-48D6-89FE-DA98757515B2}.Release|Any CPU.Build.0 = Release|Any CPU
		{1DF5A309-5E93-4E61-9070-05AACB882A60}.Debug|Any CPU.ActiveCfg = Debug|Any CPU
		{1DF5A309-5E93-4E61-9070-05AACB882A60}.Debug|Any CPU.Build.0 = Debug|Any CPU
		{1DF5A309-5E93-4E61-9070-05AACB882A60}.Release|Any CPU.ActiveCfg = Release|Any CPU
		{1DF5A309-5E93-4E61-9070-05AACB882A60}.Release|Any CPU.Build.0 = Release|Any CPU
		{0C516151-C508-4844-8F1B-6BEC9C9963C4}.Debug|Any CPU.ActiveCfg = Debug|Any CPU
		{0C516151-C508-4844-8F1B-6BEC9C9963C4}.Debug|Any CPU.Build.0 = Debug|Any CPU
		{0C516151-C508-4844-8F1B-6BEC9C9963C4}.Release|Any CPU.ActiveCfg = Release|Any CPU
		{0C516151-C508-4844-8F1B-6BEC9C9963C4}.Release|Any CPU.Build.0 = Release|Any CPU
		{B3150206-CA7A-4054-93A1-897E047B95E6}.Debug|Any CPU.ActiveCfg = Debug|Any CPU
		{B3150206-CA7A-4054-93A1-897E047B95E6}.Debug|Any CPU.Build.0 = Debug|Any CPU
		{B3150206-CA7A-4054-93A1-897E047B95E6}.Release|Any CPU.ActiveCfg = Release|Any CPU
		{B3150206-CA7A-4054-93A1-897E047B95E6}.Release|Any CPU.Build.0 = Release|Any CPU
		{BCFC6FAF-3B42-4AAF-83F3-310CC0CFCD83}.Debug|Any CPU.ActiveCfg = Debug|Any CPU
		{BCFC6FAF-3B42-4AAF-83F3-310CC0CFCD83}.Debug|Any CPU.Build.0 = Debug|Any CPU
		{BCFC6FAF-3B42-4AAF-83F3-310CC0CFCD83}.Release|Any CPU.ActiveCfg = Release|Any CPU
		{BCFC6FAF-3B42-4AAF-83F3-310CC0CFCD83}.Release|Any CPU.Build.0 = Release|Any CPU
		{F81AD9D0-75A8-4633-8EED-FCF2BEE5A1EE}.Debug|Any CPU.ActiveCfg = Debug|Any CPU
		{F81AD9D0-75A8-4633-8EED-FCF2BEE5A1EE}.Debug|Any CPU.Build.0 = Debug|Any CPU
		{F81AD9D0-75A8-4633-8EED-FCF2BEE5A1EE}.Release|Any CPU.ActiveCfg = Release|Any CPU
		{F81AD9D0-75A8-4633-8EED-FCF2BEE5A1EE}.Release|Any CPU.Build.0 = Release|Any CPU
		{C84BF3B2-E303-476B-9E4B-D87D3955469B}.Debug|Any CPU.ActiveCfg = Debug|Any CPU
		{C84BF3B2-E303-476B-9E4B-D87D3955469B}.Debug|Any CPU.Build.0 = Debug|Any CPU
		{C84BF3B2-E303-476B-9E4B-D87D3955469B}.Release|Any CPU.ActiveCfg = Release|Any CPU
		{C84BF3B2-E303-476B-9E4B-D87D3955469B}.Release|Any CPU.Build.0 = Release|Any CPU
		{C9E8BC58-8F02-414A-BC69-BB5960A53C72}.Debug|Any CPU.ActiveCfg = Debug|Any CPU
		{C9E8BC58-8F02-414A-BC69-BB5960A53C72}.Debug|Any CPU.Build.0 = Debug|Any CPU
		{C9E8BC58-8F02-414A-BC69-BB5960A53C72}.Release|Any CPU.ActiveCfg = Release|Any CPU
		{C9E8BC58-8F02-414A-BC69-BB5960A53C72}.Release|Any CPU.Build.0 = Release|Any CPU
		{8D6DDC48-3EC7-41AC-94DD-3CDE4C7F7C67}.Debug|Any CPU.ActiveCfg = Debug|Any CPU
		{8D6DDC48-3EC7-41AC-94DD-3CDE4C7F7C67}.Debug|Any CPU.Build.0 = Debug|Any CPU
		{8D6DDC48-3EC7-41AC-94DD-3CDE4C7F7C67}.Release|Any CPU.ActiveCfg = Release|Any CPU
		{8D6DDC48-3EC7-41AC-94DD-3CDE4C7F7C67}.Release|Any CPU.Build.0 = Release|Any CPU
		{EAF3F082-FAA6-4557-868C-149AF627253C}.Debug|Any CPU.ActiveCfg = Debug|Any CPU
		{EAF3F082-FAA6-4557-868C-149AF627253C}.Debug|Any CPU.Build.0 = Debug|Any CPU
		{EAF3F082-FAA6-4557-868C-149AF627253C}.Release|Any CPU.ActiveCfg = Release|Any CPU
		{EAF3F082-FAA6-4557-868C-149AF627253C}.Release|Any CPU.Build.0 = Release|Any CPU
		{2BF914F6-3834-496E-A0A0-6063332881D7}.Debug|Any CPU.ActiveCfg = Debug|Any CPU
		{2BF914F6-3834-496E-A0A0-6063332881D7}.Debug|Any CPU.Build.0 = Debug|Any CPU
		{2BF914F6-3834-496E-A0A0-6063332881D7}.Release|Any CPU.ActiveCfg = Release|Any CPU
		{2BF914F6-3834-496E-A0A0-6063332881D7}.Release|Any CPU.Build.0 = Release|Any CPU
		{2A646196-8DF5-4C12-8EEC-39CB5232F8AD}.Debug|Any CPU.ActiveCfg = Debug|Any CPU
		{2A646196-8DF5-4C12-8EEC-39CB5232F8AD}.Debug|Any CPU.Build.0 = Debug|Any CPU
		{2A646196-8DF5-4C12-8EEC-39CB5232F8AD}.Release|Any CPU.ActiveCfg = Release|Any CPU
		{2A646196-8DF5-4C12-8EEC-39CB5232F8AD}.Release|Any CPU.Build.0 = Release|Any CPU
	EndGlobalSection
	GlobalSection(SolutionProperties) = preSolution
		HideSolutionNode = FALSE
	EndGlobalSection
EndGlobal
